
Microsoft Visual Studio Solution File, Format Version 12.00
# Visual Studio 15
VisualStudioVersion = 15.0.28307.902
MinimumVisualStudioVersion = 10.0.40219.1
Project("{FAE04EC0-301F-11D3-BF4B-00C04F79EFBC}") = "Module04", "Module04\Module04.csproj", "{F657DB55-6023-4A25-8B4B-4B2343C414FE}"
EndProject
Project("{FAE04EC0-301F-11D3-BF4B-00C04F79EFBC}") = "Module04Test", "Module04Test\Module04Test.csproj", "{8ACAE682-1A67-4604-8C38-C68B2443CA3B}"
EndProject
Project("{FAE04EC0-301F-11D3-BF4B-00C04F79EFBC}") = "Module05", "Module05\Module05.csproj", "{A20BB2F9-CF47-45BD-ACDE-F6EB831C1E44}"
EndProject
Project("{FAE04EC0-301F-11D3-BF4B-00C04F79EFBC}") = "Module05Test", "Module05Test\Module05Test.csproj", "{71B9F678-D7DC-4E21-9074-987EC1EFCFAD}"
EndProject
Project("{FAE04EC0-301F-11D3-BF4B-00C04F79EFBC}") = "Module06", "Module06\Module06.csproj", "{9660F2E9-CFDA-4076-A8A6-93CAE1076D38}"
EndProject
Project("{FAE04EC0-301F-11D3-BF4B-00C04F79EFBC}") = "Module06Test", "Module06Test\Module06Test.csproj", "{BA297756-458D-4DBD-B144-A9B6BCE5F069}"
EndProject
Project("{FAE04EC0-301F-11D3-BF4B-00C04F79EFBC}") = "Module08", "Module08\Module08.csproj", "{081F2846-628D-428A-A418-D5E2DF78F82F}"
EndProject
Project("{FAE04EC0-301F-11D3-BF4B-00C04F79EFBC}") = "Module08Test", "Module08Test\Module08Test.csproj", "{CE0E4C7A-77AA-4C48-96C4-1A4A8119F3DF}"
EndProject
Project("{FAE04EC0-301F-11D3-BF4B-00C04F79EFBC}") = "Module09", "Module09\Module09.csproj", "{3F272228-9920-4B61-996D-5ABA4236716F}"
EndProject
Project("{FAE04EC0-301F-11D3-BF4B-00C04F79EFBC}") = "Module09Test", "Module09Test\Module09Test.csproj", "{911F31BF-EB1E-4D69-9B4B-6CEE9D61327C}"
EndProject
Project("{FAE04EC0-301F-11D3-BF4B-00C04F79EFBC}") = "Module11Test", "Module11Test\Module11Test.csproj", "{A051D6C7-C900-4931-AB0F-4BDF238847CE}"
EndProject
Project("{FAE04EC0-301F-11D3-BF4B-00C04F79EFBC}") = "Module11", "Module11\Module11.csproj", "{BA9D74D2-7B9E-4699-9B69-F1EB7098CBB0}"
EndProject
Project("{FAE04EC0-301F-11D3-BF4B-00C04F79EFBC}") = "Module11-3Test", "Module11-3Test\Module11-3Test.csproj", "{0A93661B-DD05-4B9A-B8B4-064852BEC554}"
EndProject
Project("{FAE04EC0-301F-11D3-BF4B-00C04F79EFBC}") = "Module12", "Module12\Module12.csproj", "{05A2477B-069C-4320-B162-A69A586D2C7A}"
EndProject
Project("{FAE04EC0-301F-11D3-BF4B-00C04F79EFBC}") = "Module12Test", "Module12Test\Module12Test.csproj", "{032FAB4E-B65C-4C5A-AA1B-10532A600AB8}"
EndProject
Project("{FAE04EC0-301F-11D3-BF4B-00C04F79EFBC}") = "Module13", "Module13\Module13.csproj", "{140AB98A-4072-40C8-8462-9498B4898937}"
EndProject
Project("{FAE04EC0-301F-11D3-BF4B-00C04F79EFBC}") = "Module15", "Module15\Module15.csproj", "{F3FDE5A5-DD4F-4249-B305-1928AE6ECE15}"
EndProject
Project("{FAE04EC0-301F-11D3-BF4B-00C04F79EFBC}") = "Module15Test", "Module15Test\Module15Test.csproj", "{A1B5B621-0790-4A1B-8045-89BA4DF69DD4}"
EndProject
Global
	GlobalSection(SolutionConfigurationPlatforms) = preSolution
		Debug|Any CPU = Debug|Any CPU
		Release|Any CPU = Release|Any CPU
	EndGlobalSection
	GlobalSection(ProjectConfigurationPlatforms) = postSolution
		{F657DB55-6023-4A25-8B4B-4B2343C414FE}.Debug|Any CPU.ActiveCfg = Debug|Any CPU
		{F657DB55-6023-4A25-8B4B-4B2343C414FE}.Debug|Any CPU.Build.0 = Debug|Any CPU
		{F657DB55-6023-4A25-8B4B-4B2343C414FE}.Release|Any CPU.ActiveCfg = Release|Any CPU
		{F657DB55-6023-4A25-8B4B-4B2343C414FE}.Release|Any CPU.Build.0 = Release|Any CPU
		{8ACAE682-1A67-4604-8C38-C68B2443CA3B}.Debug|Any CPU.ActiveCfg = Debug|Any CPU
		{8ACAE682-1A67-4604-8C38-C68B2443CA3B}.Debug|Any CPU.Build.0 = Debug|Any CPU
		{8ACAE682-1A67-4604-8C38-C68B2443CA3B}.Release|Any CPU.ActiveCfg = Release|Any CPU
		{8ACAE682-1A67-4604-8C38-C68B2443CA3B}.Release|Any CPU.Build.0 = Release|Any CPU
		{A20BB2F9-CF47-45BD-ACDE-F6EB831C1E44}.Debug|Any CPU.ActiveCfg = Debug|Any CPU
		{A20BB2F9-CF47-45BD-ACDE-F6EB831C1E44}.Debug|Any CPU.Build.0 = Debug|Any CPU
		{A20BB2F9-CF47-45BD-ACDE-F6EB831C1E44}.Release|Any CPU.ActiveCfg = Release|Any CPU
		{A20BB2F9-CF47-45BD-ACDE-F6EB831C1E44}.Release|Any CPU.Build.0 = Release|Any CPU
		{71B9F678-D7DC-4E21-9074-987EC1EFCFAD}.Debug|Any CPU.ActiveCfg = Debug|Any CPU
		{71B9F678-D7DC-4E21-9074-987EC1EFCFAD}.Debug|Any CPU.Build.0 = Debug|Any CPU
		{71B9F678-D7DC-4E21-9074-987EC1EFCFAD}.Release|Any CPU.ActiveCfg = Release|Any CPU
		{71B9F678-D7DC-4E21-9074-987EC1EFCFAD}.Release|Any CPU.Build.0 = Release|Any CPU
		{9660F2E9-CFDA-4076-A8A6-93CAE1076D38}.Debug|Any CPU.ActiveCfg = Debug|Any CPU
		{9660F2E9-CFDA-4076-A8A6-93CAE1076D38}.Debug|Any CPU.Build.0 = Debug|Any CPU
		{9660F2E9-CFDA-4076-A8A6-93CAE1076D38}.Release|Any CPU.ActiveCfg = Release|Any CPU
		{9660F2E9-CFDA-4076-A8A6-93CAE1076D38}.Release|Any CPU.Build.0 = Release|Any CPU
		{BA297756-458D-4DBD-B144-A9B6BCE5F069}.Debug|Any CPU.ActiveCfg = Debug|Any CPU
		{BA297756-458D-4DBD-B144-A9B6BCE5F069}.Debug|Any CPU.Build.0 = Debug|Any CPU
		{BA297756-458D-4DBD-B144-A9B6BCE5F069}.Release|Any CPU.ActiveCfg = Release|Any CPU
		{BA297756-458D-4DBD-B144-A9B6BCE5F069}.Release|Any CPU.Build.0 = Release|Any CPU
		{081F2846-628D-428A-A418-D5E2DF78F82F}.Debug|Any CPU.ActiveCfg = Debug|Any CPU
		{081F2846-628D-428A-A418-D5E2DF78F82F}.Debug|Any CPU.Build.0 = Debug|Any CPU
		{081F2846-628D-428A-A418-D5E2DF78F82F}.Release|Any CPU.ActiveCfg = Release|Any CPU
		{081F2846-628D-428A-A418-D5E2DF78F82F}.Release|Any CPU.Build.0 = Release|Any CPU
		{CE0E4C7A-77AA-4C48-96C4-1A4A8119F3DF}.Debug|Any CPU.ActiveCfg = Debug|Any CPU
		{CE0E4C7A-77AA-4C48-96C4-1A4A8119F3DF}.Debug|Any CPU.Build.0 = Debug|Any CPU
		{CE0E4C7A-77AA-4C48-96C4-1A4A8119F3DF}.Release|Any CPU.ActiveCfg = Release|Any CPU
		{CE0E4C7A-77AA-4C48-96C4-1A4A8119F3DF}.Release|Any CPU.Build.0 = Release|Any CPU
		{3F272228-9920-4B61-996D-5ABA4236716F}.Debug|Any CPU.ActiveCfg = Debug|Any CPU
		{3F272228-9920-4B61-996D-5ABA4236716F}.Debug|Any CPU.Build.0 = Debug|Any CPU
		{3F272228-9920-4B61-996D-5ABA4236716F}.Release|Any CPU.ActiveCfg = Release|Any CPU
		{3F272228-9920-4B61-996D-5ABA4236716F}.Release|Any CPU.Build.0 = Release|Any CPU
		{911F31BF-EB1E-4D69-9B4B-6CEE9D61327C}.Debug|Any CPU.ActiveCfg = Debug|Any CPU
		{911F31BF-EB1E-4D69-9B4B-6CEE9D61327C}.Debug|Any CPU.Build.0 = Debug|Any CPU
		{911F31BF-EB1E-4D69-9B4B-6CEE9D61327C}.Release|Any CPU.ActiveCfg = Release|Any CPU
		{911F31BF-EB1E-4D69-9B4B-6CEE9D61327C}.Release|Any CPU.Build.0 = Release|Any CPU
		{A051D6C7-C900-4931-AB0F-4BDF238847CE}.Debug|Any CPU.ActiveCfg = Debug|Any CPU
		{A051D6C7-C900-4931-AB0F-4BDF238847CE}.Debug|Any CPU.Build.0 = Debug|Any CPU
		{A051D6C7-C900-4931-AB0F-4BDF238847CE}.Release|Any CPU.ActiveCfg = Release|Any CPU
		{A051D6C7-C900-4931-AB0F-4BDF238847CE}.Release|Any CPU.Build.0 = Release|Any CPU
		{BA9D74D2-7B9E-4699-9B69-F1EB7098CBB0}.Debug|Any CPU.ActiveCfg = Debug|Any CPU
		{BA9D74D2-7B9E-4699-9B69-F1EB7098CBB0}.Debug|Any CPU.Build.0 = Debug|Any CPU
		{BA9D74D2-7B9E-4699-9B69-F1EB7098CBB0}.Release|Any CPU.ActiveCfg = Release|Any CPU
		{BA9D74D2-7B9E-4699-9B69-F1EB7098CBB0}.Release|Any CPU.Build.0 = Release|Any CPU
		{0A93661B-DD05-4B9A-B8B4-064852BEC554}.Debug|Any CPU.ActiveCfg = Debug|Any CPU
		{0A93661B-DD05-4B9A-B8B4-064852BEC554}.Debug|Any CPU.Build.0 = Debug|Any CPU
		{0A93661B-DD05-4B9A-B8B4-064852BEC554}.Release|Any CPU.ActiveCfg = Release|Any CPU
		{0A93661B-DD05-4B9A-B8B4-064852BEC554}.Release|Any CPU.Build.0 = Release|Any CPU
		{05A2477B-069C-4320-B162-A69A586D2C7A}.Debug|Any CPU.ActiveCfg = Debug|Any CPU
		{05A2477B-069C-4320-B162-A69A586D2C7A}.Debug|Any CPU.Build.0 = Debug|Any CPU
		{05A2477B-069C-4320-B162-A69A586D2C7A}.Release|Any CPU.ActiveCfg = Release|Any CPU
		{05A2477B-069C-4320-B162-A69A586D2C7A}.Release|Any CPU.Build.0 = Release|Any CPU
		{032FAB4E-B65C-4C5A-AA1B-10532A600AB8}.Debug|Any CPU.ActiveCfg = Debug|Any CPU
		{032FAB4E-B65C-4C5A-AA1B-10532A600AB8}.Debug|Any CPU.Build.0 = Debug|Any CPU
		{032FAB4E-B65C-4C5A-AA1B-10532A600AB8}.Release|Any CPU.ActiveCfg = Release|Any CPU
		{032FAB4E-B65C-4C5A-AA1B-10532A600AB8}.Release|Any CPU.Build.0 = Release|Any CPU
		{140AB98A-4072-40C8-8462-9498B4898937}.Debug|Any CPU.ActiveCfg = Debug|Any CPU
		{140AB98A-4072-40C8-8462-9498B4898937}.Debug|Any CPU.Build.0 = Debug|Any CPU
		{140AB98A-4072-40C8-8462-9498B4898937}.Release|Any CPU.ActiveCfg = Release|Any CPU
		{140AB98A-4072-40C8-8462-9498B4898937}.Release|Any CPU.Build.0 = Release|Any CPU
		{F3FDE5A5-DD4F-4249-B305-1928AE6ECE15}.Debug|Any CPU.ActiveCfg = Debug|Any CPU
		{F3FDE5A5-DD4F-4249-B305-1928AE6ECE15}.Debug|Any CPU.Build.0 = Debug|Any CPU
		{F3FDE5A5-DD4F-4249-B305-1928AE6ECE15}.Release|Any CPU.ActiveCfg = Release|Any CPU
		{F3FDE5A5-DD4F-4249-B305-1928AE6ECE15}.Release|Any CPU.Build.0 = Release|Any CPU
		{A1B5B621-0790-4A1B-8045-89BA4DF69DD4}.Debug|Any CPU.ActiveCfg = Debug|Any CPU
		{A1B5B621-0790-4A1B-8045-89BA4DF69DD4}.Debug|Any CPU.Build.0 = Debug|Any CPU
		{A1B5B621-0790-4A1B-8045-89BA4DF69DD4}.Release|Any CPU.ActiveCfg = Release|Any CPU
		{A1B5B621-0790-4A1B-8045-89BA4DF69DD4}.Release|Any CPU.Build.0 = Release|Any CPU
	EndGlobalSection
	GlobalSection(SolutionProperties) = preSolution
		HideSolutionNode = FALSE
	EndGlobalSection
	GlobalSection(ExtensibilityGlobals) = postSolution
		SolutionGuid = {711001B0-255F-4680-A685-8EE1261BCF5F}
	EndGlobalSection
EndGlobal
